
Microsoft Visual Studio Solution File, Format Version 12.00
Project("{FAE04EC0-301F-11D3-BF4B-00C04F79EFBC}") = "MagicVilla_VillaAPI", "MagicVilla_VillaAPI\MagicVilla_VillaAPI.csproj", "{F03D5FF4-2E99-4C42-A9EA-8997B2627C94}"
EndProject
Project("{FAE04EC0-301F-11D3-BF4B-00C04F79EFBC}") = "MagicVilla_Web", "MagicVilla_Web\MagicVilla_Web.csproj", "{041A7C55-6AAC-4864-AF66-9F11DB1B8FFE}"
EndProject
Project("{FAE04EC0-301F-11D3-BF4B-00C04F79EFBC}") = "MagicVilla_Utility", "MagicVilla_Utility\MagicVilla_Utility.csproj", "{FC0388F3-374B-4B34-97EF-7444482ABEB0}"
EndProject
Global
	GlobalSection(SolutionConfigurationPlatforms) = preSolution
		Debug|Any CPU = Debug|Any CPU
		Release|Any CPU = Release|Any CPU
	EndGlobalSection
	GlobalSection(ProjectConfigurationPlatforms) = postSolution
		{F03D5FF4-2E99-4C42-A9EA-8997B2627C94}.Debug|Any CPU.ActiveCfg = Debug|Any CPU
		{F03D5FF4-2E99-4C42-A9EA-8997B2627C94}.Debug|Any CPU.Build.0 = Debug|Any CPU
		{F03D5FF4-2E99-4C42-A9EA-8997B2627C94}.Release|Any CPU.ActiveCfg = Release|Any CPU
		{F03D5FF4-2E99-4C42-A9EA-8997B2627C94}.Release|Any CPU.Build.0 = Release|Any CPU
		{041A7C55-6AAC-4864-AF66-9F11DB1B8FFE}.Debug|Any CPU.ActiveCfg = Debug|Any CPU
		{041A7C55-6AAC-4864-AF66-9F11DB1B8FFE}.Debug|Any CPU.Build.0 = Debug|Any CPU
		{041A7C55-6AAC-4864-AF66-9F11DB1B8FFE}.Release|Any CPU.ActiveCfg = Release|Any CPU
		{041A7C55-6AAC-4864-AF66-9F11DB1B8FFE}.Release|Any CPU.Build.0 = Release|Any CPU
		{FC0388F3-374B-4B34-97EF-7444482ABEB0}.Debug|Any CPU.ActiveCfg = Debug|Any CPU
		{FC0388F3-374B-4B34-97EF-7444482ABEB0}.Debug|Any CPU.Build.0 = Debug|Any CPU
		{FC0388F3-374B-4B34-97EF-7444482ABEB0}.Release|Any CPU.ActiveCfg = Release|Any CPU
		{FC0388F3-374B-4B34-97EF-7444482ABEB0}.Release|Any CPU.Build.0 = Release|Any CPU
	EndGlobalSection
EndGlobal
