
Microsoft Visual Studio Solution File, Format Version 12.00
Project("{FAE04EC0-301F-11D3-BF4B-00C04F79EFBC}") = "MagicVilla_VillaAPI", "MagicVilla_VillaAPI\MagicVilla_VillaAPI.csproj", "{F03D5FF4-2E99-4C42-A9EA-8997B2627C94}"
EndProject
Global
	GlobalSection(SolutionConfigurationPlatforms) = preSolution
		Debug|Any CPU = Debug|Any CPU
		Release|Any CPU = Release|Any CPU
	EndGlobalSection
	GlobalSection(ProjectConfigurationPlatforms) = postSolution
		{F03D5FF4-2E99-4C42-A9EA-8997B2627C94}.Debug|Any CPU.ActiveCfg = Debug|Any CPU
		{F03D5FF4-2E99-4C42-A9EA-8997B2627C94}.Debug|Any CPU.Build.0 = Debug|Any CPU
		{F03D5FF4-2E99-4C42-A9EA-8997B2627C94}.Release|Any CPU.ActiveCfg = Release|Any CPU
		{F03D5FF4-2E99-4C42-A9EA-8997B2627C94}.Release|Any CPU.Build.0 = Release|Any CPU
	EndGlobalSection
EndGlobal
